
Microsoft Visual Studio Solution File, Format Version 12.00
# Visual Studio Version 17
VisualStudioVersion = 17.7.34202.233
MinimumVisualStudioVersion = 10.0.40219.1
Project("{FAE04EC0-301F-11D3-BF4B-00C04F79EFBC}") = "Classic-Runner", "Shellcode Runners\Classic\Classic-Runner.csproj", "{3FBF8BFC-67AB-4437-965A-FD0BB8A1B2C7}"
EndProject
Project("{FAE04EC0-301F-11D3-BF4B-00C04F79EFBC}") = "Classic-Injector", "Shellcode Injectors\Classic-Injector\Classic-Injector.csproj", "{AB1F2E55-7E15-40BE-9307-88580D07684C}"
EndProject
Project("{FAE04EC0-301F-11D3-BF4B-00C04F79EFBC}") = "ReflectionRunner", "SharpRunners\ReflectionRunner\ReflectionRunner.csproj", "{557AC346-349C-431C-A2DB-7B70152E880D}"
EndProject
Project("{FAE04EC0-301F-11D3-BF4B-00C04F79EFBC}") = "Classic-DLL-Injector", "DLL Injectors\Classic-DLL-Injector\Classic-DLL-Injector.csproj", "{05856C2E-7868-4924-9C3C-348F7579D16C}"
EndProject
Global
	GlobalSection(SolutionConfigurationPlatforms) = preSolution
		Debug|Any CPU = Debug|Any CPU
		Release|Any CPU = Release|Any CPU
	EndGlobalSection
	GlobalSection(ProjectConfigurationPlatforms) = postSolution
		{3FBF8BFC-67AB-4437-965A-FD0BB8A1B2C7}.Debug|Any CPU.ActiveCfg = Debug|Any CPU
		{3FBF8BFC-67AB-4437-965A-FD0BB8A1B2C7}.Debug|Any CPU.Build.0 = Debug|Any CPU
		{3FBF8BFC-67AB-4437-965A-FD0BB8A1B2C7}.Release|Any CPU.ActiveCfg = Release|Any CPU
		{3FBF8BFC-67AB-4437-965A-FD0BB8A1B2C7}.Release|Any CPU.Build.0 = Release|Any CPU
		{AB1F2E55-7E15-40BE-9307-88580D07684C}.Debug|Any CPU.ActiveCfg = Debug|Any CPU
		{AB1F2E55-7E15-40BE-9307-88580D07684C}.Debug|Any CPU.Build.0 = Debug|Any CPU
		{AB1F2E55-7E15-40BE-9307-88580D07684C}.Release|Any CPU.ActiveCfg = Release|Any CPU
		{AB1F2E55-7E15-40BE-9307-88580D07684C}.Release|Any CPU.Build.0 = Release|Any CPU
		{557AC346-349C-431C-A2DB-7B70152E880D}.Debug|Any CPU.ActiveCfg = Debug|Any CPU
		{557AC346-349C-431C-A2DB-7B70152E880D}.Debug|Any CPU.Build.0 = Debug|Any CPU
		{557AC346-349C-431C-A2DB-7B70152E880D}.Release|Any CPU.ActiveCfg = Release|Any CPU
		{557AC346-349C-431C-A2DB-7B70152E880D}.Release|Any CPU.Build.0 = Release|Any CPU
		{05856C2E-7868-4924-9C3C-348F7579D16C}.Debug|Any CPU.ActiveCfg = Debug|Any CPU
		{05856C2E-7868-4924-9C3C-348F7579D16C}.Debug|Any CPU.Build.0 = Debug|Any CPU
		{05856C2E-7868-4924-9C3C-348F7579D16C}.Release|Any CPU.ActiveCfg = Release|Any CPU
		{05856C2E-7868-4924-9C3C-348F7579D16C}.Release|Any CPU.Build.0 = Release|Any CPU
	EndGlobalSection
	GlobalSection(SolutionProperties) = preSolution
		HideSolutionNode = FALSE
	EndGlobalSection
	GlobalSection(ExtensibilityGlobals) = postSolution
		SolutionGuid = {FC938957-06AD-4026-A918-A78C83102E9B}
	EndGlobalSection
EndGlobal
