
Microsoft Visual Studio Solution File, Format Version 12.00
# Visual Studio Version 17
VisualStudioVersion = 17.7.34202.233
MinimumVisualStudioVersion = 10.0.40219.1
Project("{FAE04EC0-301F-11D3-BF4B-00C04F79EFBC}") = "Reflection-Runner", "SharpRunners\Reflection-Runner\Reflection-Runner.csproj", "{557AC346-349C-431C-A2DB-7B70152E880D}"
EndProject
Project("{FAE04EC0-301F-11D3-BF4B-00C04F79EFBC}") = "Sharp-Runner", "SharpRunners\Sharp-Runner\Sharp-Runner.csproj", "{1BB26CA9-B8A0-480F-989F-6303FAE266E1}"
EndProject
Project("{2150E333-8FDC-42A3-9474-1A3956D46DE8}") = "Sharp-Runners", "Sharp-Runners", "{2D6434F0-28D3-4BB7-A31B-F5F87DDAAD1D}"
EndProject
Project("{2150E333-8FDC-42A3-9474-1A3956D46DE8}") = "Dll-Injectors", "Dll-Injectors", "{612720CD-6F48-45C5-806E-B24EB6CDBCC4}"
EndProject
Project("{2150E333-8FDC-42A3-9474-1A3956D46DE8}") = "Shellcode-Runners", "Shellcode-Runners", "{9A764BC6-C1F5-47E9-B13A-A782EF951EBA}"
EndProject
Project("{2150E333-8FDC-42A3-9474-1A3956D46DE8}") = "Shellcode-Injectors", "Shellcode-Injectors", "{BD59B440-13A9-4BF9-A2F2-E6BAD8FB3FD7}"
EndProject
Project("{FAE04EC0-301F-11D3-BF4B-00C04F79EFBC}") = "Classic-DLL-Injector", "DLL-Injectors\Classic-DLL-Injector\Classic-DLL-Injector.csproj", "{05856C2E-7868-4924-9C3C-348F7579D16C}"
EndProject
Project("{FAE04EC0-301F-11D3-BF4B-00C04F79EFBC}") = "Classic-Injector", "Shellcode-Injectors\Classic-Injector\Classic-Injector.csproj", "{AB1F2E55-7E15-40BE-9307-88580D07684C}"
EndProject
Project("{FAE04EC0-301F-11D3-BF4B-00C04F79EFBC}") = "Classic-Runner", "Shellcode-Runners\Classic-Runner\Classic-Runner.csproj", "{3FBF8BFC-67AB-4437-965A-FD0BB8A1B2C7}"
EndProject
Project("{FAE04EC0-301F-11D3-BF4B-00C04F79EFBC}") = "Thread-Hijacking-Runner", "Shellcode-Runners\Thread-Hijacking-Runner\Thread-Hijacking-Runner.csproj", "{8AD8D4E0-413C-46A9-B122-D3E791E98F74}"
EndProject
Project("{FAE04EC0-301F-11D3-BF4B-00C04F79EFBC}") = "Thread-Hijacking-Injector", "Shellcode-Injectors\Thread-Hijacking-Injector\Thread-Hijacking-Injector.csproj", "{75D68261-AA74-4891-AF75-B983993A247B}"
EndProject
Project("{FAE04EC0-301F-11D3-BF4B-00C04F79EFBC}") = "CreateThreadpoolWait-Runner", "Shellcode-Runners\CreateThreadpoolWait-Runner\CreateThreadpoolWait-Runner.csproj", "{92E5FBD0-7FB5-491F-9C4F-30ED6E222275}"
EndProject
Project("{FAE04EC0-301F-11D3-BF4B-00C04F79EFBC}") = "Fiber-Runner", "Shellcode-Runners\Fiber-Runner\Fiber-Runner.csproj", "{03900130-6A96-4DD6-83F6-17C7B9751D96}"
EndProject
Project("{FAE04EC0-301F-11D3-BF4B-00C04F79EFBC}") = "APC-Injector", "Shellcode-Injectors\APC-Injector\APC-Injector.csproj", "{2387E103-A0C0-4994-8BE7-D4A92DA4849C}"
EndProject
Project("{FAE04EC0-301F-11D3-BF4B-00C04F79EFBC}") = "APC-Runner", "Shellcode-Runners\APC-Runner\APC-Runner.csproj", "{240C9DFD-AA0D-43F8-805F-68438AE00123}"
EndProject
Project("{FAE04EC0-301F-11D3-BF4B-00C04F79EFBC}") = "NtQuadro-Injector", "Shellcode-Injectors\NtQuadro-Injector\NtQuadro-Injector.csproj", "{C410F8B7-912E-418F-85E8-67C8790C1075}"
EndProject
Project("{9A19103F-16F7-4668-BE54-9A1E7A4F7556}") = "JIT-Compilation-Runner", "SharpRunners\JIT-Compilation-Runner\JIT-Compilation-Runner.csproj", "{B904B0B6-A054-4134-B936-C9FE549A541B}"
EndProject
Project("{FAE04EC0-301F-11D3-BF4B-00C04F79EFBC}") = "EarlyBird-Injector", "Shellcode-Injectors\EarlyBird-Injector\EarlyBird-Injector.csproj", "{AF55B7CB-2CB1-457A-9C78-B883BC3FBF6F}"
EndProject
Project("{FAE04EC0-301F-11D3-BF4B-00C04F79EFBC}") = "ModuleStomping-Injector", "DLL-Injectors\ModuleStomping-Injector\ModuleStomping-Injector.csproj", "{3214A63D-30DA-4683-8AC8-4695B0C93C0C}"
EndProject
Project("{FAE04EC0-301F-11D3-BF4B-00C04F79EFBC}") = "IAT-Hooking-Injector", "Shellcode-Injectors\IAT-Hooking-Injector\IAT-Hooking-Injector.csproj", "{D0B8E666-657E-4689-BDAD-CF7A464FEBB6}"
EndProject
Global
	GlobalSection(SolutionConfigurationPlatforms) = preSolution
		Debug|Any CPU = Debug|Any CPU
		Debug|x64 = Debug|x64
		Release|Any CPU = Release|Any CPU
		Release|x64 = Release|x64
	EndGlobalSection
	GlobalSection(ProjectConfigurationPlatforms) = postSolution
		{557AC346-349C-431C-A2DB-7B70152E880D}.Debug|Any CPU.ActiveCfg = Debug|Any CPU
		{557AC346-349C-431C-A2DB-7B70152E880D}.Debug|Any CPU.Build.0 = Debug|Any CPU
		{557AC346-349C-431C-A2DB-7B70152E880D}.Debug|x64.ActiveCfg = Debug|x64
		{557AC346-349C-431C-A2DB-7B70152E880D}.Debug|x64.Build.0 = Debug|x64
		{557AC346-349C-431C-A2DB-7B70152E880D}.Release|Any CPU.ActiveCfg = Release|Any CPU
		{557AC346-349C-431C-A2DB-7B70152E880D}.Release|Any CPU.Build.0 = Release|Any CPU
		{557AC346-349C-431C-A2DB-7B70152E880D}.Release|x64.ActiveCfg = Release|x64
		{557AC346-349C-431C-A2DB-7B70152E880D}.Release|x64.Build.0 = Release|x64
		{1BB26CA9-B8A0-480F-989F-6303FAE266E1}.Debug|Any CPU.ActiveCfg = Debug|Any CPU
		{1BB26CA9-B8A0-480F-989F-6303FAE266E1}.Debug|Any CPU.Build.0 = Debug|Any CPU
		{1BB26CA9-B8A0-480F-989F-6303FAE266E1}.Debug|x64.ActiveCfg = Debug|x64
		{1BB26CA9-B8A0-480F-989F-6303FAE266E1}.Debug|x64.Build.0 = Debug|x64
		{1BB26CA9-B8A0-480F-989F-6303FAE266E1}.Release|Any CPU.ActiveCfg = Release|Any CPU
		{1BB26CA9-B8A0-480F-989F-6303FAE266E1}.Release|Any CPU.Build.0 = Release|Any CPU
		{1BB26CA9-B8A0-480F-989F-6303FAE266E1}.Release|x64.ActiveCfg = Release|x64
		{1BB26CA9-B8A0-480F-989F-6303FAE266E1}.Release|x64.Build.0 = Release|x64
		{05856C2E-7868-4924-9C3C-348F7579D16C}.Debug|Any CPU.ActiveCfg = Debug|Any CPU
		{05856C2E-7868-4924-9C3C-348F7579D16C}.Debug|Any CPU.Build.0 = Debug|Any CPU
		{05856C2E-7868-4924-9C3C-348F7579D16C}.Debug|x64.ActiveCfg = Debug|x64
		{05856C2E-7868-4924-9C3C-348F7579D16C}.Debug|x64.Build.0 = Debug|x64
		{05856C2E-7868-4924-9C3C-348F7579D16C}.Release|Any CPU.ActiveCfg = Release|Any CPU
		{05856C2E-7868-4924-9C3C-348F7579D16C}.Release|Any CPU.Build.0 = Release|Any CPU
		{05856C2E-7868-4924-9C3C-348F7579D16C}.Release|x64.ActiveCfg = Release|x64
		{05856C2E-7868-4924-9C3C-348F7579D16C}.Release|x64.Build.0 = Release|x64
		{AB1F2E55-7E15-40BE-9307-88580D07684C}.Debug|Any CPU.ActiveCfg = Debug|Any CPU
		{AB1F2E55-7E15-40BE-9307-88580D07684C}.Debug|Any CPU.Build.0 = Debug|Any CPU
		{AB1F2E55-7E15-40BE-9307-88580D07684C}.Debug|x64.ActiveCfg = Debug|x64
		{AB1F2E55-7E15-40BE-9307-88580D07684C}.Debug|x64.Build.0 = Debug|x64
		{AB1F2E55-7E15-40BE-9307-88580D07684C}.Release|Any CPU.ActiveCfg = Release|Any CPU
		{AB1F2E55-7E15-40BE-9307-88580D07684C}.Release|Any CPU.Build.0 = Release|Any CPU
		{AB1F2E55-7E15-40BE-9307-88580D07684C}.Release|x64.ActiveCfg = Release|x64
		{AB1F2E55-7E15-40BE-9307-88580D07684C}.Release|x64.Build.0 = Release|x64
		{3FBF8BFC-67AB-4437-965A-FD0BB8A1B2C7}.Debug|Any CPU.ActiveCfg = Debug|Any CPU
		{3FBF8BFC-67AB-4437-965A-FD0BB8A1B2C7}.Debug|Any CPU.Build.0 = Debug|Any CPU
		{3FBF8BFC-67AB-4437-965A-FD0BB8A1B2C7}.Debug|x64.ActiveCfg = Debug|x64
		{3FBF8BFC-67AB-4437-965A-FD0BB8A1B2C7}.Debug|x64.Build.0 = Debug|x64
		{3FBF8BFC-67AB-4437-965A-FD0BB8A1B2C7}.Release|Any CPU.ActiveCfg = Release|Any CPU
		{3FBF8BFC-67AB-4437-965A-FD0BB8A1B2C7}.Release|Any CPU.Build.0 = Release|Any CPU
		{3FBF8BFC-67AB-4437-965A-FD0BB8A1B2C7}.Release|x64.ActiveCfg = Release|x64
		{3FBF8BFC-67AB-4437-965A-FD0BB8A1B2C7}.Release|x64.Build.0 = Release|x64
		{8AD8D4E0-413C-46A9-B122-D3E791E98F74}.Debug|Any CPU.ActiveCfg = Debug|Any CPU
		{8AD8D4E0-413C-46A9-B122-D3E791E98F74}.Debug|Any CPU.Build.0 = Debug|Any CPU
		{8AD8D4E0-413C-46A9-B122-D3E791E98F74}.Debug|x64.ActiveCfg = Debug|x64
		{8AD8D4E0-413C-46A9-B122-D3E791E98F74}.Debug|x64.Build.0 = Debug|x64
		{8AD8D4E0-413C-46A9-B122-D3E791E98F74}.Release|Any CPU.ActiveCfg = Release|Any CPU
		{8AD8D4E0-413C-46A9-B122-D3E791E98F74}.Release|Any CPU.Build.0 = Release|Any CPU
		{8AD8D4E0-413C-46A9-B122-D3E791E98F74}.Release|x64.ActiveCfg = Release|x64
		{8AD8D4E0-413C-46A9-B122-D3E791E98F74}.Release|x64.Build.0 = Release|x64
		{75D68261-AA74-4891-AF75-B983993A247B}.Debug|Any CPU.ActiveCfg = Debug|Any CPU
		{75D68261-AA74-4891-AF75-B983993A247B}.Debug|Any CPU.Build.0 = Debug|Any CPU
		{75D68261-AA74-4891-AF75-B983993A247B}.Debug|x64.ActiveCfg = Debug|Any CPU
		{75D68261-AA74-4891-AF75-B983993A247B}.Debug|x64.Build.0 = Debug|Any CPU
		{75D68261-AA74-4891-AF75-B983993A247B}.Release|Any CPU.ActiveCfg = Release|Any CPU
		{75D68261-AA74-4891-AF75-B983993A247B}.Release|Any CPU.Build.0 = Release|Any CPU
		{75D68261-AA74-4891-AF75-B983993A247B}.Release|x64.ActiveCfg = Release|x64
		{75D68261-AA74-4891-AF75-B983993A247B}.Release|x64.Build.0 = Release|x64
		{92E5FBD0-7FB5-491F-9C4F-30ED6E222275}.Debug|Any CPU.ActiveCfg = Debug|Any CPU
		{92E5FBD0-7FB5-491F-9C4F-30ED6E222275}.Debug|Any CPU.Build.0 = Debug|Any CPU
		{92E5FBD0-7FB5-491F-9C4F-30ED6E222275}.Debug|x64.ActiveCfg = Debug|Any CPU
		{92E5FBD0-7FB5-491F-9C4F-30ED6E222275}.Debug|x64.Build.0 = Debug|Any CPU
		{92E5FBD0-7FB5-491F-9C4F-30ED6E222275}.Release|Any CPU.ActiveCfg = Release|Any CPU
		{92E5FBD0-7FB5-491F-9C4F-30ED6E222275}.Release|Any CPU.Build.0 = Release|Any CPU
		{92E5FBD0-7FB5-491F-9C4F-30ED6E222275}.Release|x64.ActiveCfg = Release|x64
		{92E5FBD0-7FB5-491F-9C4F-30ED6E222275}.Release|x64.Build.0 = Release|x64
		{03900130-6A96-4DD6-83F6-17C7B9751D96}.Debug|Any CPU.ActiveCfg = Debug|Any CPU
		{03900130-6A96-4DD6-83F6-17C7B9751D96}.Debug|Any CPU.Build.0 = Debug|Any CPU
		{03900130-6A96-4DD6-83F6-17C7B9751D96}.Debug|x64.ActiveCfg = Debug|Any CPU
		{03900130-6A96-4DD6-83F6-17C7B9751D96}.Debug|x64.Build.0 = Debug|Any CPU
		{03900130-6A96-4DD6-83F6-17C7B9751D96}.Release|Any CPU.ActiveCfg = Release|Any CPU
		{03900130-6A96-4DD6-83F6-17C7B9751D96}.Release|Any CPU.Build.0 = Release|Any CPU
		{03900130-6A96-4DD6-83F6-17C7B9751D96}.Release|x64.ActiveCfg = Release|x64
		{03900130-6A96-4DD6-83F6-17C7B9751D96}.Release|x64.Build.0 = Release|x64
		{2387E103-A0C0-4994-8BE7-D4A92DA4849C}.Debug|Any CPU.ActiveCfg = Debug|Any CPU
		{2387E103-A0C0-4994-8BE7-D4A92DA4849C}.Debug|Any CPU.Build.0 = Debug|Any CPU
		{2387E103-A0C0-4994-8BE7-D4A92DA4849C}.Debug|x64.ActiveCfg = Debug|Any CPU
		{2387E103-A0C0-4994-8BE7-D4A92DA4849C}.Debug|x64.Build.0 = Debug|Any CPU
		{2387E103-A0C0-4994-8BE7-D4A92DA4849C}.Release|Any CPU.ActiveCfg = Release|Any CPU
		{2387E103-A0C0-4994-8BE7-D4A92DA4849C}.Release|Any CPU.Build.0 = Release|Any CPU
		{2387E103-A0C0-4994-8BE7-D4A92DA4849C}.Release|x64.ActiveCfg = Release|x64
		{2387E103-A0C0-4994-8BE7-D4A92DA4849C}.Release|x64.Build.0 = Release|x64
		{240C9DFD-AA0D-43F8-805F-68438AE00123}.Debug|Any CPU.ActiveCfg = Debug|Any CPU
		{240C9DFD-AA0D-43F8-805F-68438AE00123}.Debug|Any CPU.Build.0 = Debug|Any CPU
		{240C9DFD-AA0D-43F8-805F-68438AE00123}.Debug|x64.ActiveCfg = Debug|Any CPU
		{240C9DFD-AA0D-43F8-805F-68438AE00123}.Debug|x64.Build.0 = Debug|Any CPU
		{240C9DFD-AA0D-43F8-805F-68438AE00123}.Release|Any CPU.ActiveCfg = Release|Any CPU
		{240C9DFD-AA0D-43F8-805F-68438AE00123}.Release|Any CPU.Build.0 = Release|Any CPU
		{240C9DFD-AA0D-43F8-805F-68438AE00123}.Release|x64.ActiveCfg = Release|x64
		{240C9DFD-AA0D-43F8-805F-68438AE00123}.Release|x64.Build.0 = Release|x64
		{C410F8B7-912E-418F-85E8-67C8790C1075}.Debug|Any CPU.ActiveCfg = Debug|Any CPU
		{C410F8B7-912E-418F-85E8-67C8790C1075}.Debug|Any CPU.Build.0 = Debug|Any CPU
		{C410F8B7-912E-418F-85E8-67C8790C1075}.Debug|x64.ActiveCfg = Debug|x64
		{C410F8B7-912E-418F-85E8-67C8790C1075}.Debug|x64.Build.0 = Debug|x64
		{C410F8B7-912E-418F-85E8-67C8790C1075}.Release|Any CPU.ActiveCfg = Release|Any CPU
		{C410F8B7-912E-418F-85E8-67C8790C1075}.Release|Any CPU.Build.0 = Release|Any CPU
		{C410F8B7-912E-418F-85E8-67C8790C1075}.Release|x64.ActiveCfg = Release|x64
		{C410F8B7-912E-418F-85E8-67C8790C1075}.Release|x64.Build.0 = Release|x64
		{B904B0B6-A054-4134-B936-C9FE549A541B}.Debug|Any CPU.ActiveCfg = Debug|Any CPU
		{B904B0B6-A054-4134-B936-C9FE549A541B}.Debug|Any CPU.Build.0 = Debug|Any CPU
		{B904B0B6-A054-4134-B936-C9FE549A541B}.Debug|x64.ActiveCfg = Debug|Any CPU
		{B904B0B6-A054-4134-B936-C9FE549A541B}.Debug|x64.Build.0 = Debug|Any CPU
		{B904B0B6-A054-4134-B936-C9FE549A541B}.Release|Any CPU.ActiveCfg = Release|Any CPU
		{B904B0B6-A054-4134-B936-C9FE549A541B}.Release|Any CPU.Build.0 = Release|Any CPU
		{B904B0B6-A054-4134-B936-C9FE549A541B}.Release|x64.ActiveCfg = Release|x64
		{B904B0B6-A054-4134-B936-C9FE549A541B}.Release|x64.Build.0 = Release|x64
		{AF55B7CB-2CB1-457A-9C78-B883BC3FBF6F}.Debug|Any CPU.ActiveCfg = Debug|Any CPU
		{AF55B7CB-2CB1-457A-9C78-B883BC3FBF6F}.Debug|Any CPU.Build.0 = Debug|Any CPU
		{AF55B7CB-2CB1-457A-9C78-B883BC3FBF6F}.Debug|x64.ActiveCfg = Debug|Any CPU
		{AF55B7CB-2CB1-457A-9C78-B883BC3FBF6F}.Debug|x64.Build.0 = Debug|Any CPU
		{AF55B7CB-2CB1-457A-9C78-B883BC3FBF6F}.Release|Any CPU.ActiveCfg = Release|Any CPU
		{AF55B7CB-2CB1-457A-9C78-B883BC3FBF6F}.Release|Any CPU.Build.0 = Release|Any CPU
		{AF55B7CB-2CB1-457A-9C78-B883BC3FBF6F}.Release|x64.ActiveCfg = Release|x64
		{AF55B7CB-2CB1-457A-9C78-B883BC3FBF6F}.Release|x64.Build.0 = Release|x64
		{3214A63D-30DA-4683-8AC8-4695B0C93C0C}.Debug|Any CPU.ActiveCfg = Debug|Any CPU
		{3214A63D-30DA-4683-8AC8-4695B0C93C0C}.Debug|Any CPU.Build.0 = Debug|Any CPU
		{3214A63D-30DA-4683-8AC8-4695B0C93C0C}.Debug|x64.ActiveCfg = Debug|Any CPU
		{3214A63D-30DA-4683-8AC8-4695B0C93C0C}.Debug|x64.Build.0 = Debug|Any CPU
		{3214A63D-30DA-4683-8AC8-4695B0C93C0C}.Release|Any CPU.ActiveCfg = Release|Any CPU
		{3214A63D-30DA-4683-8AC8-4695B0C93C0C}.Release|Any CPU.Build.0 = Release|Any CPU
		{3214A63D-30DA-4683-8AC8-4695B0C93C0C}.Release|x64.ActiveCfg = Release|x64
		{3214A63D-30DA-4683-8AC8-4695B0C93C0C}.Release|x64.Build.0 = Release|x64
		{D0B8E666-657E-4689-BDAD-CF7A464FEBB6}.Debug|Any CPU.ActiveCfg = Debug|Any CPU
		{D0B8E666-657E-4689-BDAD-CF7A464FEBB6}.Debug|Any CPU.Build.0 = Debug|Any CPU
		{D0B8E666-657E-4689-BDAD-CF7A464FEBB6}.Debug|x64.ActiveCfg = Debug|Any CPU
		{D0B8E666-657E-4689-BDAD-CF7A464FEBB6}.Debug|x64.Build.0 = Debug|Any CPU
		{D0B8E666-657E-4689-BDAD-CF7A464FEBB6}.Release|Any CPU.ActiveCfg = Release|Any CPU
		{D0B8E666-657E-4689-BDAD-CF7A464FEBB6}.Release|Any CPU.Build.0 = Release|Any CPU
		{D0B8E666-657E-4689-BDAD-CF7A464FEBB6}.Release|x64.ActiveCfg = Release|x64
		{D0B8E666-657E-4689-BDAD-CF7A464FEBB6}.Release|x64.Build.0 = Release|x64
	EndGlobalSection
	GlobalSection(SolutionProperties) = preSolution
		HideSolutionNode = FALSE
	EndGlobalSection
	GlobalSection(NestedProjects) = preSolution
		{557AC346-349C-431C-A2DB-7B70152E880D} = {2D6434F0-28D3-4BB7-A31B-F5F87DDAAD1D}
		{1BB26CA9-B8A0-480F-989F-6303FAE266E1} = {2D6434F0-28D3-4BB7-A31B-F5F87DDAAD1D}
		{05856C2E-7868-4924-9C3C-348F7579D16C} = {612720CD-6F48-45C5-806E-B24EB6CDBCC4}
		{AB1F2E55-7E15-40BE-9307-88580D07684C} = {BD59B440-13A9-4BF9-A2F2-E6BAD8FB3FD7}
		{3FBF8BFC-67AB-4437-965A-FD0BB8A1B2C7} = {9A764BC6-C1F5-47E9-B13A-A782EF951EBA}
		{8AD8D4E0-413C-46A9-B122-D3E791E98F74} = {9A764BC6-C1F5-47E9-B13A-A782EF951EBA}
		{75D68261-AA74-4891-AF75-B983993A247B} = {BD59B440-13A9-4BF9-A2F2-E6BAD8FB3FD7}
		{92E5FBD0-7FB5-491F-9C4F-30ED6E222275} = {9A764BC6-C1F5-47E9-B13A-A782EF951EBA}
		{03900130-6A96-4DD6-83F6-17C7B9751D96} = {9A764BC6-C1F5-47E9-B13A-A782EF951EBA}
		{2387E103-A0C0-4994-8BE7-D4A92DA4849C} = {BD59B440-13A9-4BF9-A2F2-E6BAD8FB3FD7}
		{240C9DFD-AA0D-43F8-805F-68438AE00123} = {9A764BC6-C1F5-47E9-B13A-A782EF951EBA}
		{C410F8B7-912E-418F-85E8-67C8790C1075} = {BD59B440-13A9-4BF9-A2F2-E6BAD8FB3FD7}
		{B904B0B6-A054-4134-B936-C9FE549A541B} = {2D6434F0-28D3-4BB7-A31B-F5F87DDAAD1D}
		{AF55B7CB-2CB1-457A-9C78-B883BC3FBF6F} = {BD59B440-13A9-4BF9-A2F2-E6BAD8FB3FD7}
		{3214A63D-30DA-4683-8AC8-4695B0C93C0C} = {612720CD-6F48-45C5-806E-B24EB6CDBCC4}
		{D0B8E666-657E-4689-BDAD-CF7A464FEBB6} = {BD59B440-13A9-4BF9-A2F2-E6BAD8FB3FD7}
	EndGlobalSection
	GlobalSection(ExtensibilityGlobals) = postSolution
		SolutionGuid = {FC938957-06AD-4026-A918-A78C83102E9B}
	EndGlobalSection
EndGlobal
