
Microsoft Visual Studio Solution File, Format Version 12.00
# Visual Studio Version 17
VisualStudioVersion = 17.7.34221.43
MinimumVisualStudioVersion = 10.0.40219.1
Project("{2150E333-8FDC-42A3-9474-1A3956D46DE8}") = "Dll-Injectors", "Dll-Injectors", "{58C49FB5-BD27-4485-8EC2-6CAB37C5A6E8}"
EndProject
Project("{2150E333-8FDC-42A3-9474-1A3956D46DE8}") = "Shellcode-Runners", "Shellcode-Runners", "{71D68B28-0DAF-45FB-A00F-CB39FF126C5A}"
EndProject
Project("{2150E333-8FDC-42A3-9474-1A3956D46DE8}") = "Shellcode-Injectors", "Shellcode-Injectors", "{43642E07-F814-4AB1-AEBC-2AA4D009AEBC}"
EndProject
Project("{8BC9CEB8-8B4A-11D0-8D11-00A0C91BC942}") = "Classic-Dll-Injector", "Dll-Injectors\Classic-Dll-Injector\Classic-Dll-Injector.vcxproj", "{6D7683F4-6C76-4BF3-8BC2-08A9891BA8CD}"
EndProject
Project("{8BC9CEB8-8B4A-11D0-8D11-00A0C91BC942}") = "Classic-Injector", "Shellcode-Injectors\Classic-Injector\Classic-Injector.vcxproj", "{D8F28B1C-29B1-495C-B5A6-3136F7614658}"
EndProject
Project("{8BC9CEB8-8B4A-11D0-8D11-00A0C91BC942}") = "Local-Thread-Hijacking-Runner", "Shellcode-Runners\Local-Thread-Hijacking-Runner\Local-Thread-Hijacking-Runner.vcxproj", "{391D440F-5DDF-4FF4-9B53-81D42C3DBC4C}"
EndProject
Project("{8BC9CEB8-8B4A-11D0-8D11-00A0C91BC942}") = "Classic-Runner", "Shellcode-Runners\Classic-Runner\Classic-Runner.vcxproj", "{5F91E722-6C7E-4D5D-91E9-46BA98481860}"
EndProject
Project("{2150E333-8FDC-42A3-9474-1A3956D46DE8}") = "PE-Runners", "PE-Runners", "{BA885838-CC26-45B6-BDF2-519DED9DD5F6}"
EndProject
Project("{8BC9CEB8-8B4A-11D0-8D11-00A0C91BC942}") = "Process-Hollowing", "PE-Runners\Process-Hollowing\Process-Hollowing.vcxproj", "{9005D58E-9D72-4E19-8EAA-2E18547DA5FC}"
EndProject
Project("{8BC9CEB8-8B4A-11D0-8D11-00A0C91BC942}") = "Process-Doppelganging", "PE-Runners\Process-Doppelganging\Process-Doppelganging.vcxproj", "{F7488C91-32F4-49AB-A0F7-9D90D48DDA03}"
EndProject
Project("{8BC9CEB8-8B4A-11D0-8D11-00A0C91BC942}") = "Process-Ghosting", "PE-Runners\Process-Ghosting\Process-Ghosting.vcxproj", "{BD7A0C18-95AD-4683-B6B4-48E7564FB066}"
EndProject
Project("{8BC9CEB8-8B4A-11D0-8D11-00A0C91BC942}") = "Process-Herpaderping", "PE-Runners\Process-Herpaderping\Process-Herpaderping.vcxproj", "{83773FC8-1B86-4A3B-9839-1B6ABD5F34C8}"
EndProject
Project("{8BC9CEB8-8B4A-11D0-8D11-00A0C91BC942}") = "APC-Runner", "Shellcode-Runners\APC-Runner\APC-Runner.vcxproj", "{229A1881-386C-4D34-ABC5-C003AAD8DD99}"
EndProject
Project("{8BC9CEB8-8B4A-11D0-8D11-00A0C91BC942}") = "Fiber-Runner", "Shellcode-Runners\Fiber-Runner\Fiber-Runner.vcxproj", "{231D6DBC-3D60-4745-B7E3-9834709F113F}"
EndProject
Project("{8BC9CEB8-8B4A-11D0-8D11-00A0C91BC942}") = "CreateThreadpoolWait-Runner", "Shellcode-Runners\CreateThreadpoolWait-Runner\CreateThreadpoolWait-Runner.vcxproj", "{32F28A1B-70E2-4CB6-A963-497638D9AEBD}"
EndProject
Project("{8BC9CEB8-8B4A-11D0-8D11-00A0C91BC942}") = "Thread-Hijacking-Injector", "Shellcode-Injectors\Thread-Hijacking-Injector\Thread-Hijacking-Injector.vcxproj", "{F7F25672-78B4-4490-B58C-780C32E89ECC}"
EndProject
Project("{8BC9CEB8-8B4A-11D0-8D11-00A0C91BC942}") = "APC-Injector", "Shellcode-Injectors\APC-Injector\APC-Injector.vcxproj", "{837FFD9D-2313-488A-971C-3525CA099C94}"
EndProject
Project("{8BC9CEB8-8B4A-11D0-8D11-00A0C91BC942}") = "NtQuadro-Injector", "Shellcode-Injectors\NtQuadro-Injector\NtQuadro-Injector.vcxproj", "{AFA7895F-DF05-4D68-8279-E11AC4F8AC74}"
EndProject
Project("{8BC9CEB8-8B4A-11D0-8D11-00A0C91BC942}") = "SetWindowHookEx-Injector", "Shellcode-Injectors\SetWindowHookEx-Injector\SetWindowHookEx-Injector.vcxproj", "{53667D8A-DAEF-455E-8CC6-DC797AC3CDAB}"
EndProject
Project("{8BC9CEB8-8B4A-11D0-8D11-00A0C91BC942}") = "IAT-Hooking-Runner", "Shellcode-Runners\IAT-Hooking-Runner\IAT-Hooking-Runner.vcxproj", "{09B4A4B1-97E3-44C0-975C-BBF323B62F91}"
EndProject
Project("{8BC9CEB8-8B4A-11D0-8D11-00A0C91BC942}") = "EarlyBird-APC-Injector", "Shellcode-Injectors\EarlyBird-APC-Injector\EarlyBird-APC-Injector.vcxproj", "{EF409DC0-FC7F-499D-8FAF-37528FEEADDC}"
EndProject
Project("{2150E333-8FDC-42A3-9474-1A3956D46DE8}") = "C-Runners", "C-Runners", "{F11C04B1-5F59-4E3E-A8B1-9E6061B91678}"
EndProject
Project("{8BC9CEB8-8B4A-11D0-8D11-00A0C91BC942}") = "ASM-Runner", "C-Runners\ASM-Runner\ASM-Runner.vcxproj", "{386F35B6-6748-424F-A53F-320A30123E1F}"
EndProject
Global
	GlobalSection(SolutionConfigurationPlatforms) = preSolution
		Debug|x64 = Debug|x64
		Debug|x86 = Debug|x86
		Release|x64 = Release|x64
		Release|x86 = Release|x86
	EndGlobalSection
	GlobalSection(ProjectConfigurationPlatforms) = postSolution
		{6D7683F4-6C76-4BF3-8BC2-08A9891BA8CD}.Debug|x64.ActiveCfg = Debug|x64
		{6D7683F4-6C76-4BF3-8BC2-08A9891BA8CD}.Debug|x64.Build.0 = Debug|x64
		{6D7683F4-6C76-4BF3-8BC2-08A9891BA8CD}.Debug|x86.ActiveCfg = Debug|Win32
		{6D7683F4-6C76-4BF3-8BC2-08A9891BA8CD}.Debug|x86.Build.0 = Debug|Win32
		{6D7683F4-6C76-4BF3-8BC2-08A9891BA8CD}.Release|x64.ActiveCfg = Release|x64
		{6D7683F4-6C76-4BF3-8BC2-08A9891BA8CD}.Release|x64.Build.0 = Release|x64
		{6D7683F4-6C76-4BF3-8BC2-08A9891BA8CD}.Release|x86.ActiveCfg = Release|Win32
		{6D7683F4-6C76-4BF3-8BC2-08A9891BA8CD}.Release|x86.Build.0 = Release|Win32
		{D8F28B1C-29B1-495C-B5A6-3136F7614658}.Debug|x64.ActiveCfg = Debug|x64
		{D8F28B1C-29B1-495C-B5A6-3136F7614658}.Debug|x64.Build.0 = Debug|x64
		{D8F28B1C-29B1-495C-B5A6-3136F7614658}.Debug|x86.ActiveCfg = Debug|Win32
		{D8F28B1C-29B1-495C-B5A6-3136F7614658}.Debug|x86.Build.0 = Debug|Win32
		{D8F28B1C-29B1-495C-B5A6-3136F7614658}.Release|x64.ActiveCfg = Release|x64
		{D8F28B1C-29B1-495C-B5A6-3136F7614658}.Release|x64.Build.0 = Release|x64
		{D8F28B1C-29B1-495C-B5A6-3136F7614658}.Release|x86.ActiveCfg = Release|Win32
		{D8F28B1C-29B1-495C-B5A6-3136F7614658}.Release|x86.Build.0 = Release|Win32
		{391D440F-5DDF-4FF4-9B53-81D42C3DBC4C}.Debug|x64.ActiveCfg = Debug|x64
		{391D440F-5DDF-4FF4-9B53-81D42C3DBC4C}.Debug|x64.Build.0 = Debug|x64
		{391D440F-5DDF-4FF4-9B53-81D42C3DBC4C}.Debug|x86.ActiveCfg = Debug|Win32
		{391D440F-5DDF-4FF4-9B53-81D42C3DBC4C}.Debug|x86.Build.0 = Debug|Win32
		{391D440F-5DDF-4FF4-9B53-81D42C3DBC4C}.Release|x64.ActiveCfg = Release|x64
		{391D440F-5DDF-4FF4-9B53-81D42C3DBC4C}.Release|x64.Build.0 = Release|x64
		{391D440F-5DDF-4FF4-9B53-81D42C3DBC4C}.Release|x86.ActiveCfg = Release|Win32
		{391D440F-5DDF-4FF4-9B53-81D42C3DBC4C}.Release|x86.Build.0 = Release|Win32
		{5F91E722-6C7E-4D5D-91E9-46BA98481860}.Debug|x64.ActiveCfg = Debug|x64
		{5F91E722-6C7E-4D5D-91E9-46BA98481860}.Debug|x64.Build.0 = Debug|x64
		{5F91E722-6C7E-4D5D-91E9-46BA98481860}.Debug|x86.ActiveCfg = Debug|Win32
		{5F91E722-6C7E-4D5D-91E9-46BA98481860}.Debug|x86.Build.0 = Debug|Win32
		{5F91E722-6C7E-4D5D-91E9-46BA98481860}.Release|x64.ActiveCfg = Release|x64
		{5F91E722-6C7E-4D5D-91E9-46BA98481860}.Release|x64.Build.0 = Release|x64
		{5F91E722-6C7E-4D5D-91E9-46BA98481860}.Release|x86.ActiveCfg = Release|Win32
		{5F91E722-6C7E-4D5D-91E9-46BA98481860}.Release|x86.Build.0 = Release|Win32
		{9005D58E-9D72-4E19-8EAA-2E18547DA5FC}.Debug|x64.ActiveCfg = Debug|x64
		{9005D58E-9D72-4E19-8EAA-2E18547DA5FC}.Debug|x64.Build.0 = Debug|x64
		{9005D58E-9D72-4E19-8EAA-2E18547DA5FC}.Debug|x86.ActiveCfg = Debug|Win32
		{9005D58E-9D72-4E19-8EAA-2E18547DA5FC}.Debug|x86.Build.0 = Debug|Win32
		{9005D58E-9D72-4E19-8EAA-2E18547DA5FC}.Release|x64.ActiveCfg = Release|x64
		{9005D58E-9D72-4E19-8EAA-2E18547DA5FC}.Release|x64.Build.0 = Release|x64
		{9005D58E-9D72-4E19-8EAA-2E18547DA5FC}.Release|x86.ActiveCfg = Release|Win32
		{9005D58E-9D72-4E19-8EAA-2E18547DA5FC}.Release|x86.Build.0 = Release|Win32
		{F7488C91-32F4-49AB-A0F7-9D90D48DDA03}.Debug|x64.ActiveCfg = Debug|x64
		{F7488C91-32F4-49AB-A0F7-9D90D48DDA03}.Debug|x64.Build.0 = Debug|x64
		{F7488C91-32F4-49AB-A0F7-9D90D48DDA03}.Debug|x86.ActiveCfg = Debug|Win32
		{F7488C91-32F4-49AB-A0F7-9D90D48DDA03}.Debug|x86.Build.0 = Debug|Win32
		{F7488C91-32F4-49AB-A0F7-9D90D48DDA03}.Release|x64.ActiveCfg = Release|x64
		{F7488C91-32F4-49AB-A0F7-9D90D48DDA03}.Release|x64.Build.0 = Release|x64
		{F7488C91-32F4-49AB-A0F7-9D90D48DDA03}.Release|x86.ActiveCfg = Release|Win32
		{F7488C91-32F4-49AB-A0F7-9D90D48DDA03}.Release|x86.Build.0 = Release|Win32
		{BD7A0C18-95AD-4683-B6B4-48E7564FB066}.Debug|x64.ActiveCfg = Debug|x64
		{BD7A0C18-95AD-4683-B6B4-48E7564FB066}.Debug|x64.Build.0 = Debug|x64
		{BD7A0C18-95AD-4683-B6B4-48E7564FB066}.Debug|x86.ActiveCfg = Debug|Win32
		{BD7A0C18-95AD-4683-B6B4-48E7564FB066}.Debug|x86.Build.0 = Debug|Win32
		{BD7A0C18-95AD-4683-B6B4-48E7564FB066}.Release|x64.ActiveCfg = Release|x64
		{BD7A0C18-95AD-4683-B6B4-48E7564FB066}.Release|x64.Build.0 = Release|x64
		{BD7A0C18-95AD-4683-B6B4-48E7564FB066}.Release|x86.ActiveCfg = Release|Win32
		{BD7A0C18-95AD-4683-B6B4-48E7564FB066}.Release|x86.Build.0 = Release|Win32
		{83773FC8-1B86-4A3B-9839-1B6ABD5F34C8}.Debug|x64.ActiveCfg = Debug|x64
		{83773FC8-1B86-4A3B-9839-1B6ABD5F34C8}.Debug|x64.Build.0 = Debug|x64
		{83773FC8-1B86-4A3B-9839-1B6ABD5F34C8}.Debug|x86.ActiveCfg = Debug|Win32
		{83773FC8-1B86-4A3B-9839-1B6ABD5F34C8}.Debug|x86.Build.0 = Debug|Win32
		{83773FC8-1B86-4A3B-9839-1B6ABD5F34C8}.Release|x64.ActiveCfg = Release|x64
		{83773FC8-1B86-4A3B-9839-1B6ABD5F34C8}.Release|x64.Build.0 = Release|x64
		{83773FC8-1B86-4A3B-9839-1B6ABD5F34C8}.Release|x86.ActiveCfg = Release|Win32
		{83773FC8-1B86-4A3B-9839-1B6ABD5F34C8}.Release|x86.Build.0 = Release|Win32
		{229A1881-386C-4D34-ABC5-C003AAD8DD99}.Debug|x64.ActiveCfg = Debug|x64
		{229A1881-386C-4D34-ABC5-C003AAD8DD99}.Debug|x64.Build.0 = Debug|x64
		{229A1881-386C-4D34-ABC5-C003AAD8DD99}.Debug|x86.ActiveCfg = Debug|Win32
		{229A1881-386C-4D34-ABC5-C003AAD8DD99}.Debug|x86.Build.0 = Debug|Win32
		{229A1881-386C-4D34-ABC5-C003AAD8DD99}.Release|x64.ActiveCfg = Release|x64
		{229A1881-386C-4D34-ABC5-C003AAD8DD99}.Release|x64.Build.0 = Release|x64
		{229A1881-386C-4D34-ABC5-C003AAD8DD99}.Release|x86.ActiveCfg = Release|Win32
		{229A1881-386C-4D34-ABC5-C003AAD8DD99}.Release|x86.Build.0 = Release|Win32
		{231D6DBC-3D60-4745-B7E3-9834709F113F}.Debug|x64.ActiveCfg = Debug|x64
		{231D6DBC-3D60-4745-B7E3-9834709F113F}.Debug|x64.Build.0 = Debug|x64
		{231D6DBC-3D60-4745-B7E3-9834709F113F}.Debug|x86.ActiveCfg = Debug|Win32
		{231D6DBC-3D60-4745-B7E3-9834709F113F}.Debug|x86.Build.0 = Debug|Win32
		{231D6DBC-3D60-4745-B7E3-9834709F113F}.Release|x64.ActiveCfg = Release|x64
		{231D6DBC-3D60-4745-B7E3-9834709F113F}.Release|x64.Build.0 = Release|x64
		{231D6DBC-3D60-4745-B7E3-9834709F113F}.Release|x86.ActiveCfg = Release|Win32
		{231D6DBC-3D60-4745-B7E3-9834709F113F}.Release|x86.Build.0 = Release|Win32
		{32F28A1B-70E2-4CB6-A963-497638D9AEBD}.Debug|x64.ActiveCfg = Debug|x64
		{32F28A1B-70E2-4CB6-A963-497638D9AEBD}.Debug|x64.Build.0 = Debug|x64
		{32F28A1B-70E2-4CB6-A963-497638D9AEBD}.Debug|x86.ActiveCfg = Debug|Win32
		{32F28A1B-70E2-4CB6-A963-497638D9AEBD}.Debug|x86.Build.0 = Debug|Win32
		{32F28A1B-70E2-4CB6-A963-497638D9AEBD}.Release|x64.ActiveCfg = Release|x64
		{32F28A1B-70E2-4CB6-A963-497638D9AEBD}.Release|x64.Build.0 = Release|x64
		{32F28A1B-70E2-4CB6-A963-497638D9AEBD}.Release|x86.ActiveCfg = Release|Win32
		{32F28A1B-70E2-4CB6-A963-497638D9AEBD}.Release|x86.Build.0 = Release|Win32
		{F7F25672-78B4-4490-B58C-780C32E89ECC}.Debug|x64.ActiveCfg = Debug|x64
		{F7F25672-78B4-4490-B58C-780C32E89ECC}.Debug|x64.Build.0 = Debug|x64
		{F7F25672-78B4-4490-B58C-780C32E89ECC}.Debug|x86.ActiveCfg = Debug|Win32
		{F7F25672-78B4-4490-B58C-780C32E89ECC}.Debug|x86.Build.0 = Debug|Win32
		{F7F25672-78B4-4490-B58C-780C32E89ECC}.Release|x64.ActiveCfg = Release|x64
		{F7F25672-78B4-4490-B58C-780C32E89ECC}.Release|x64.Build.0 = Release|x64
		{F7F25672-78B4-4490-B58C-780C32E89ECC}.Release|x86.ActiveCfg = Release|Win32
		{F7F25672-78B4-4490-B58C-780C32E89ECC}.Release|x86.Build.0 = Release|Win32
		{837FFD9D-2313-488A-971C-3525CA099C94}.Debug|x64.ActiveCfg = Debug|x64
		{837FFD9D-2313-488A-971C-3525CA099C94}.Debug|x64.Build.0 = Debug|x64
		{837FFD9D-2313-488A-971C-3525CA099C94}.Debug|x86.ActiveCfg = Debug|Win32
		{837FFD9D-2313-488A-971C-3525CA099C94}.Debug|x86.Build.0 = Debug|Win32
		{837FFD9D-2313-488A-971C-3525CA099C94}.Release|x64.ActiveCfg = Release|x64
		{837FFD9D-2313-488A-971C-3525CA099C94}.Release|x64.Build.0 = Release|x64
		{837FFD9D-2313-488A-971C-3525CA099C94}.Release|x86.ActiveCfg = Release|Win32
		{837FFD9D-2313-488A-971C-3525CA099C94}.Release|x86.Build.0 = Release|Win32
		{AFA7895F-DF05-4D68-8279-E11AC4F8AC74}.Debug|x64.ActiveCfg = Debug|x64
		{AFA7895F-DF05-4D68-8279-E11AC4F8AC74}.Debug|x64.Build.0 = Debug|x64
		{AFA7895F-DF05-4D68-8279-E11AC4F8AC74}.Debug|x86.ActiveCfg = Debug|Win32
		{AFA7895F-DF05-4D68-8279-E11AC4F8AC74}.Debug|x86.Build.0 = Debug|Win32
		{AFA7895F-DF05-4D68-8279-E11AC4F8AC74}.Release|x64.ActiveCfg = Release|x64
		{AFA7895F-DF05-4D68-8279-E11AC4F8AC74}.Release|x64.Build.0 = Release|x64
		{AFA7895F-DF05-4D68-8279-E11AC4F8AC74}.Release|x86.ActiveCfg = Release|Win32
		{AFA7895F-DF05-4D68-8279-E11AC4F8AC74}.Release|x86.Build.0 = Release|Win32
		{53667D8A-DAEF-455E-8CC6-DC797AC3CDAB}.Debug|x64.ActiveCfg = Debug|x64
		{53667D8A-DAEF-455E-8CC6-DC797AC3CDAB}.Debug|x64.Build.0 = Debug|x64
		{53667D8A-DAEF-455E-8CC6-DC797AC3CDAB}.Debug|x86.ActiveCfg = Debug|Win32
		{53667D8A-DAEF-455E-8CC6-DC797AC3CDAB}.Debug|x86.Build.0 = Debug|Win32
		{53667D8A-DAEF-455E-8CC6-DC797AC3CDAB}.Release|x64.ActiveCfg = Release|x64
		{53667D8A-DAEF-455E-8CC6-DC797AC3CDAB}.Release|x64.Build.0 = Release|x64
		{53667D8A-DAEF-455E-8CC6-DC797AC3CDAB}.Release|x86.ActiveCfg = Release|Win32
		{53667D8A-DAEF-455E-8CC6-DC797AC3CDAB}.Release|x86.Build.0 = Release|Win32
		{09B4A4B1-97E3-44C0-975C-BBF323B62F91}.Debug|x64.ActiveCfg = Debug|x64
		{09B4A4B1-97E3-44C0-975C-BBF323B62F91}.Debug|x64.Build.0 = Debug|x64
		{09B4A4B1-97E3-44C0-975C-BBF323B62F91}.Debug|x86.ActiveCfg = Debug|Win32
		{09B4A4B1-97E3-44C0-975C-BBF323B62F91}.Debug|x86.Build.0 = Debug|Win32
		{09B4A4B1-97E3-44C0-975C-BBF323B62F91}.Release|x64.ActiveCfg = Release|x64
		{09B4A4B1-97E3-44C0-975C-BBF323B62F91}.Release|x64.Build.0 = Release|x64
		{09B4A4B1-97E3-44C0-975C-BBF323B62F91}.Release|x86.ActiveCfg = Release|Win32
		{09B4A4B1-97E3-44C0-975C-BBF323B62F91}.Release|x86.Build.0 = Release|Win32
		{EF409DC0-FC7F-499D-8FAF-37528FEEADDC}.Debug|x64.ActiveCfg = Debug|x64
		{EF409DC0-FC7F-499D-8FAF-37528FEEADDC}.Debug|x64.Build.0 = Debug|x64
		{EF409DC0-FC7F-499D-8FAF-37528FEEADDC}.Debug|x86.ActiveCfg = Debug|Win32
		{EF409DC0-FC7F-499D-8FAF-37528FEEADDC}.Debug|x86.Build.0 = Debug|Win32
		{EF409DC0-FC7F-499D-8FAF-37528FEEADDC}.Release|x64.ActiveCfg = Release|x64
		{EF409DC0-FC7F-499D-8FAF-37528FEEADDC}.Release|x64.Build.0 = Release|x64
		{EF409DC0-FC7F-499D-8FAF-37528FEEADDC}.Release|x86.ActiveCfg = Release|Win32
		{EF409DC0-FC7F-499D-8FAF-37528FEEADDC}.Release|x86.Build.0 = Release|Win32
		{386F35B6-6748-424F-A53F-320A30123E1F}.Debug|x64.ActiveCfg = Debug|x64
		{386F35B6-6748-424F-A53F-320A30123E1F}.Debug|x64.Build.0 = Debug|x64
		{386F35B6-6748-424F-A53F-320A30123E1F}.Debug|x86.ActiveCfg = Debug|Win32
		{386F35B6-6748-424F-A53F-320A30123E1F}.Debug|x86.Build.0 = Debug|Win32
		{386F35B6-6748-424F-A53F-320A30123E1F}.Release|x64.ActiveCfg = Release|x64
		{386F35B6-6748-424F-A53F-320A30123E1F}.Release|x64.Build.0 = Release|x64
		{386F35B6-6748-424F-A53F-320A30123E1F}.Release|x86.ActiveCfg = Release|Win32
		{386F35B6-6748-424F-A53F-320A30123E1F}.Release|x86.Build.0 = Release|Win32
	EndGlobalSection
	GlobalSection(SolutionProperties) = preSolution
		HideSolutionNode = FALSE
	EndGlobalSection
	GlobalSection(NestedProjects) = preSolution
		{6D7683F4-6C76-4BF3-8BC2-08A9891BA8CD} = {58C49FB5-BD27-4485-8EC2-6CAB37C5A6E8}
		{D8F28B1C-29B1-495C-B5A6-3136F7614658} = {43642E07-F814-4AB1-AEBC-2AA4D009AEBC}
		{391D440F-5DDF-4FF4-9B53-81D42C3DBC4C} = {71D68B28-0DAF-45FB-A00F-CB39FF126C5A}
		{5F91E722-6C7E-4D5D-91E9-46BA98481860} = {71D68B28-0DAF-45FB-A00F-CB39FF126C5A}
		{9005D58E-9D72-4E19-8EAA-2E18547DA5FC} = {BA885838-CC26-45B6-BDF2-519DED9DD5F6}
		{F7488C91-32F4-49AB-A0F7-9D90D48DDA03} = {BA885838-CC26-45B6-BDF2-519DED9DD5F6}
		{BD7A0C18-95AD-4683-B6B4-48E7564FB066} = {BA885838-CC26-45B6-BDF2-519DED9DD5F6}
		{83773FC8-1B86-4A3B-9839-1B6ABD5F34C8} = {BA885838-CC26-45B6-BDF2-519DED9DD5F6}
		{229A1881-386C-4D34-ABC5-C003AAD8DD99} = {71D68B28-0DAF-45FB-A00F-CB39FF126C5A}
		{231D6DBC-3D60-4745-B7E3-9834709F113F} = {71D68B28-0DAF-45FB-A00F-CB39FF126C5A}
		{32F28A1B-70E2-4CB6-A963-497638D9AEBD} = {71D68B28-0DAF-45FB-A00F-CB39FF126C5A}
		{F7F25672-78B4-4490-B58C-780C32E89ECC} = {43642E07-F814-4AB1-AEBC-2AA4D009AEBC}
		{837FFD9D-2313-488A-971C-3525CA099C94} = {43642E07-F814-4AB1-AEBC-2AA4D009AEBC}
		{AFA7895F-DF05-4D68-8279-E11AC4F8AC74} = {43642E07-F814-4AB1-AEBC-2AA4D009AEBC}
		{53667D8A-DAEF-455E-8CC6-DC797AC3CDAB} = {43642E07-F814-4AB1-AEBC-2AA4D009AEBC}
		{09B4A4B1-97E3-44C0-975C-BBF323B62F91} = {71D68B28-0DAF-45FB-A00F-CB39FF126C5A}
		{EF409DC0-FC7F-499D-8FAF-37528FEEADDC} = {43642E07-F814-4AB1-AEBC-2AA4D009AEBC}
		{386F35B6-6748-424F-A53F-320A30123E1F} = {F11C04B1-5F59-4E3E-A8B1-9E6061B91678}
	EndGlobalSection
	GlobalSection(ExtensibilityGlobals) = postSolution
		SolutionGuid = {AC15E254-62FE-45DF-AA08-3620372FC061}
	EndGlobalSection
EndGlobal
